{
  "originHash" : "4908e985e449883c6d7b0a13b153f2cd1c7c9c989d6f8b3aa59bbd23413ac47d",
  "pins" : [
    {
      "identity" : "purchases-ios",
      "kind" : "remoteSourceControl",
      "location" : "https://github.com/RevenueCat/purchases-ios",
      "state" : {
        "revision" : "abb0d68c3e7ba97b16ab51c38fcaca16b0e358c8",
        "version" : "5.66.0"
      }
    },
    {
      "identity" : "swiftsdk",
      "kind" : "remoteSourceControl",
      "location" : "https://github.com/TelemetryDeck/SwiftSDK",
      "state" : {
        "revision" : "8f332c1c256ba26cc46f74c9e5af94f7b1c37a9c",
        "version" : "2.11.0"
      }
    }
  ],
  "version" : 3
}
